// !$*UTF8*$!
{
	archiveVersion = 1;
	classes = {
	};
	objectVersion = 50;
	objects = {

/* Begin PBXBuildFile section */
		6C7AB00821A4CA8800E499A3 /* screen.png in Resources */ = {isa = PBXBuildFile; fileRef = 6C7AB00721A4CA8700E499A3 /* screen.png */; };
		6CB919B92185A2F00024E88D /* AppDelegate.swift in Sources */ = {isa = PBXBuildFile; fileRef = 6CB919B82185A2F00024E88D /* AppDelegate.swift */; };
		6CB919BB2185A2F00024E88D /* ViewController.swift in Sources */ = {isa = PBXBuildFile; fileRef = 6CB919BA2185A2F00024E88D /* ViewController.swift */; };
		6CB919BD2185A2F40024E88D /* Assets.xcassets in Resources */ = {isa = PBXBuildFile; fileRef = 6CB919BC2185A2F40024E88D /* Assets.xcassets */; };
		6CB919C02185A2F40024E88D /* Main.storyboard in Resources */ = {isa = PBXBuildFile; fileRef = 6CB919BE2185A2F40024E88D /* Main.storyboard */; };
		6CE7565A2185F4AE0040DF8C /* PrivilegedTaskRunnerHelper.swift in Sources */ = {isa = PBXBuildFile; fileRef = 6CE756532185F4AD0040DF8C /* PrivilegedTaskRunnerHelper.swift */; };
		6CE7565B2185F4AE0040DF8C /* CodesignChecker.swift in Sources */ = {isa = PBXBuildFile; fileRef = 6CE756542185F4AD0040DF8C /* CodesignChecker.swift */; };
		6CE7565C2185F4AE0040DF8C /* RemoteProcessProtocol.swift in Sources */ = {isa = PBXBuildFile; fileRef = 6CE756552185F4AD0040DF8C /* RemoteProcessProtocol.swift */; };
		6CE7565D2185F4AE0040DF8C /* ProcessHelper.swift in Sources */ = {isa = PBXBuildFile; fileRef = 6CE756562185F4AD0040DF8C /* ProcessHelper.swift */; };
		6CE7565E2185F4AE0040DF8C /* main.swift in Sources */ = {isa = PBXBuildFile; fileRef = 6CE756592185F4AE0040DF8C /* main.swift */; };
		6CE7565F2185F4D70040DF8C /* PS4RemoteSenderHelper in Copy Helper */ = {isa = PBXBuildFile; fileRef = 6CE7564B2185F4910040DF8C /* PS4RemoteSenderHelper */; settings = {ATTRIBUTES = (CodeSignOnCopy, ); }; };
		6CE756602185F4E00040DF8C /* ProcessHelper.swift in Sources */ = {isa = PBXBuildFile; fileRef = 6CE756562185F4AD0040DF8C /* ProcessHelper.swift */; };
		6CE756612185F4E00040DF8C /* PrivilegedTaskRunnerHelper.swift in Sources */ = {isa = PBXBuildFile; fileRef = 6CE756532185F4AD0040DF8C /* PrivilegedTaskRunnerHelper.swift */; };
		6CE756622185F4E00040DF8C /* RemoteProcessProtocol.swift in Sources */ = {isa = PBXBuildFile; fileRef = 6CE756552185F4AD0040DF8C /* RemoteProcessProtocol.swift */; };
		6CE756632185F4E00040DF8C /* CodesignChecker.swift in Sources */ = {isa = PBXBuildFile; fileRef = 6CE756542185F4AD0040DF8C /* CodesignChecker.swift */; };
		6CE756652185FC970040DF8C /* AppAuthorizationRights.swift in Sources */ = {isa = PBXBuildFile; fileRef = 6CE756642185FC970040DF8C /* AppAuthorizationRights.swift */; };
		6CE7DB1621A4C5B50057D8EF /* SwiftSocket.framework in Frameworks */ = {isa = PBXBuildFile; fileRef = 6CE7DB1521A4C5B50057D8EF /* SwiftSocket.framework */; };
		6CF7D27421877822007607A2 /* README.md in Resources */ = {isa = PBXBuildFile; fileRef = 6CF7D27321877822007607A2 /* README.md */; };
/* End PBXBuildFile section */

/* Begin PBXCopyFilesBuildPhase section */
		6CE756492185F4910040DF8C /* CopyFiles */ = {
			isa = PBXCopyFilesBuildPhase;
			buildActionMask = 2147483647;
			dstPath = /usr/share/man/man1/;
			dstSubfolderSpec = 0;
			files = (
			);
			runOnlyForDeploymentPostprocessing = 1;
		};
		6CF8C8852185D4A200F5C2FD /* Copy Helper */ = {
			isa = PBXCopyFilesBuildPhase;
			buildActionMask = 2147483647;
			dstPath = Contents/Library/LaunchServices;
			dstSubfolderSpec = 1;
			files = (
				6CE7565F2185F4D70040DF8C /* PS4RemoteSenderHelper in Copy Helper */,
			);
			name = "Copy Helper";
			runOnlyForDeploymentPostprocessing = 0;
		};
/* End PBXCopyFilesBuildPhase section */

/* Begin PBXFileReference section */
		6C7AB00721A4CA8700E499A3 /* screen.png */ = {isa = PBXFileReference; lastKnownFileType = image.png; path = screen.png; sourceTree = "<group>"; };
		6C85111021A4AE3300C38321 /* Starscream.framework */ = {isa = PBXFileReference; explicitFileType = wrapper.framework; path = Starscream.framework; sourceTree = BUILT_PRODUCTS_DIR; };
		6CAF5A032185B7BA00545BA2 /* cocoasudo.dms */ = {isa = PBXFileReference; lastKnownFileType = "compiled.mach-o.executable"; path = cocoasudo.dms; sourceTree = "<group>"; };
		6CAF5A072185B90D00545BA2 /* cocoasudo */ = {isa = PBXFileReference; lastKnownFileType = "compiled.mach-o.executable"; name = cocoasudo; path = ../../../../Desktop/cocoasudo; sourceTree = "<group>"; };
		6CAF5A092185B93500545BA2 /* cocoasudo.dms */ = {isa = PBXFileReference; lastKnownFileType = "compiled.mach-o.executable"; name = cocoasudo.dms; path = ../../../../Downloads/cocoasudo.dms; sourceTree = "<group>"; };
		6CAF5A0F2185BE8600545BA2 /* PS4 Remote Sender-Bridging-Header.h */ = {isa = PBXFileReference; lastKnownFileType = sourcecode.c.h; name = "PS4 Remote Sender-Bridging-Header.h"; path = "PS4 Remote Sender/PS4 Remote Sender-Bridging-Header.h"; sourceTree = SOURCE_ROOT; };
		6CB919B52185A2F00024E88D /* PS4 Remote Sender.app */ = {isa = PBXFileReference; explicitFileType = wrapper.application; includeInIndex = 0; path = "PS4 Remote Sender.app"; sourceTree = BUILT_PRODUCTS_DIR; };
		6CB919B82185A2F00024E88D /* AppDelegate.swift */ = {isa = PBXFileReference; lastKnownFileType = sourcecode.swift; path = AppDelegate.swift; sourceTree = "<group>"; };
		6CB919BA2185A2F00024E88D /* ViewController.swift */ = {isa = PBXFileReference; lastKnownFileType = sourcecode.swift; path = ViewController.swift; sourceTree = "<group>"; };
		6CB919BC2185A2F40024E88D /* Assets.xcassets */ = {isa = PBXFileReference; lastKnownFileType = folder.assetcatalog; path = Assets.xcassets; sourceTree = "<group>"; };
		6CB919BF2185A2F40024E88D /* Base */ = {isa = PBXFileReference; lastKnownFileType = file.storyboard; name = Base; path = Base.lproj/Main.storyboard; sourceTree = "<group>"; };
		6CB919C12185A2F40024E88D /* Info.plist */ = {isa = PBXFileReference; lastKnownFileType = text.plist.xml; path = Info.plist; sourceTree = "<group>"; };
		6CB919C22185A2F40024E88D /* PS4_Remote_Sender.entitlements */ = {isa = PBXFileReference; lastKnownFileType = text.plist.entitlements; path = PS4_Remote_Sender.entitlements; sourceTree = "<group>"; };
		6CE7564B2185F4910040DF8C /* PS4RemoteSenderHelper */ = {isa = PBXFileReference; explicitFileType = "compiled.mach-o.executable"; includeInIndex = 0; path = PS4RemoteSenderHelper; sourceTree = BUILT_PRODUCTS_DIR; };
		6CE756522185F4AC0040DF8C /* PS4RemoteSenderHelper-Bridging-Header.h */ = {isa = PBXFileReference; lastKnownFileType = sourcecode.c.h; path = "PS4RemoteSenderHelper-Bridging-Header.h"; sourceTree = "<group>"; };
		6CE756532185F4AD0040DF8C /* PrivilegedTaskRunnerHelper.swift */ = {isa = PBXFileReference; fileEncoding = 4; lastKnownFileType = sourcecode.swift; path = PrivilegedTaskRunnerHelper.swift; sourceTree = "<group>"; };
		6CE756542185F4AD0040DF8C /* CodesignChecker.swift */ = {isa = PBXFileReference; fileEncoding = 4; lastKnownFileType = sourcecode.swift; path = CodesignChecker.swift; sourceTree = "<group>"; };
		6CE756552185F4AD0040DF8C /* RemoteProcessProtocol.swift */ = {isa = PBXFileReference; fileEncoding = 4; lastKnownFileType = sourcecode.swift; path = RemoteProcessProtocol.swift; sourceTree = "<group>"; };
		6CE756562185F4AD0040DF8C /* ProcessHelper.swift */ = {isa = PBXFileReference; fileEncoding = 4; lastKnownFileType = sourcecode.swift; path = ProcessHelper.swift; sourceTree = "<group>"; };
		6CE756572185F4AD0040DF8C /* PrivilegedTaskRunnerHelper-Info.plist */ = {isa = PBXFileReference; fileEncoding = 4; lastKnownFileType = text.plist.xml; path = "PrivilegedTaskRunnerHelper-Info.plist"; sourceTree = "<group>"; };
		6CE756582185F4AD0040DF8C /* PrivilegedTaskRunnerHelper-Launchd.plist */ = {isa = PBXFileReference; fileEncoding = 4; lastKnownFileType = text.plist.xml; path = "PrivilegedTaskRunnerHelper-Launchd.plist"; sourceTree = "<group>"; };
		6CE756592185F4AE0040DF8C /* main.swift */ = {isa = PBXFileReference; fileEncoding = 4; lastKnownFileType = sourcecode.swift; path = main.swift; sourceTree = "<group>"; };
		6CE756642185FC970040DF8C /* AppAuthorizationRights.swift */ = {isa = PBXFileReference; fileEncoding = 4; lastKnownFileType = sourcecode.swift; path = AppAuthorizationRights.swift; sourceTree = "<group>"; };
		6CE7DB1521A4C5B50057D8EF /* SwiftSocket.framework */ = {isa = PBXFileReference; explicitFileType = wrapper.framework; path = SwiftSocket.framework; sourceTree = BUILT_PRODUCTS_DIR; };
		6CF7D27321877822007607A2 /* README.md */ = {isa = PBXFileReference; fileEncoding = 4; lastKnownFileType = net.daringfireball.markdown; path = README.md; sourceTree = "<group>"; };
/* End PBXFileReference section */

/* Begin PBXFrameworksBuildPhase section */
		6CB919B22185A2F00024E88D /* Frameworks */ = {
			isa = PBXFrameworksBuildPhase;
			buildActionMask = 2147483647;
			files = (
				6CE7DB1621A4C5B50057D8EF /* SwiftSocket.framework in Frameworks */,
			);
			runOnlyForDeploymentPostprocessing = 0;
		};
		6CE756482185F4910040DF8C /* Frameworks */ = {
			isa = PBXFrameworksBuildPhase;
			buildActionMask = 2147483647;
			files = (
			);
			runOnlyForDeploymentPostprocessing = 0;
		};
/* End PBXFrameworksBuildPhase section */

/* Begin PBXGroup section */
		6CAF5A022185B7BA00545BA2 /* Frameworks */ = {
			isa = PBXGroup;
			children = (
				6CE7DB1521A4C5B50057D8EF /* SwiftSocket.framework */,
				6C85111021A4AE3300C38321 /* Starscream.framework */,
				6CAF5A092185B93500545BA2 /* cocoasudo.dms */,
				6CAF5A072185B90D00545BA2 /* cocoasudo */,
				6CAF5A032185B7BA00545BA2 /* cocoasudo.dms */,
			);
			name = Frameworks;
			sourceTree = "<group>";
		};
		6CB919AC2185A2F00024E88D = {
			isa = PBXGroup;
			children = (
				6CB919B72185A2F00024E88D /* PS4 Remote Sender */,
				6CE7564C2185F4910040DF8C /* PS4RemoteSenderHelper */,
				6CF7D27321877822007607A2 /* README.md */,
				6CB919B62185A2F00024E88D /* Products */,
				6CAF5A022185B7BA00545BA2 /* Frameworks */,
			);
			sourceTree = "<group>";
		};
		6CB919B62185A2F00024E88D /* Products */ = {
			isa = PBXGroup;
			children = (
				6CB919B52185A2F00024E88D /* PS4 Remote Sender.app */,
				6CE7564B2185F4910040DF8C /* PS4RemoteSenderHelper */,
			);
			name = Products;
			sourceTree = "<group>";
		};
		6CB919B72185A2F00024E88D /* PS4 Remote Sender */ = {
			isa = PBXGroup;
			children = (
				6CB919B82185A2F00024E88D /* AppDelegate.swift */,
				6CB919BA2185A2F00024E88D /* ViewController.swift */,
				6CE756642185FC970040DF8C /* AppAuthorizationRights.swift */,
				6CB919BC2185A2F40024E88D /* Assets.xcassets */,
				6CB919BE2185A2F40024E88D /* Main.storyboard */,
				6CB919C12185A2F40024E88D /* Info.plist */,
				6CB919C22185A2F40024E88D /* PS4_Remote_Sender.entitlements */,
				6CAF5A0F2185BE8600545BA2 /* PS4 Remote Sender-Bridging-Header.h */,
				6C7AB00721A4CA8700E499A3 /* screen.png */,
			);
			path = "PS4 Remote Sender";
			sourceTree = "<group>";
		};
		6CE7564C2185F4910040DF8C /* PS4RemoteSenderHelper */ = {
			isa = PBXGroup;
			children = (
				6CE756592185F4AE0040DF8C /* main.swift */,
				6CE756562185F4AD0040DF8C /* ProcessHelper.swift */,
				6CE756532185F4AD0040DF8C /* PrivilegedTaskRunnerHelper.swift */,
				6CE756552185F4AD0040DF8C /* RemoteProcessProtocol.swift */,
				6CE756542185F4AD0040DF8C /* CodesignChecker.swift */,
				6CE756572185F4AD0040DF8C /* PrivilegedTaskRunnerHelper-Info.plist */,
				6CE756582185F4AD0040DF8C /* PrivilegedTaskRunnerHelper-Launchd.plist */,
				6CE756522185F4AC0040DF8C /* PS4RemoteSenderHelper-Bridging-Header.h */,
			);
			path = PS4RemoteSenderHelper;
			sourceTree = "<group>";
		};
/* End PBXGroup section */

/* Begin PBXNativeTarget section */
		6CB919B42185A2F00024E88D /* PS4 Remote Sender */ = {
			isa = PBXNativeTarget;
			buildConfigurationList = 6CB919DB2185A2F40024E88D /* Build configuration list for PBXNativeTarget "PS4 Remote Sender" */;
			buildPhases = (
				6CB919B12185A2F00024E88D /* Sources */,
				6CB919B22185A2F00024E88D /* Frameworks */,
				6CB919B32185A2F00024E88D /* Resources */,
				6CF8C8852185D4A200F5C2FD /* Copy Helper */,
			);
			buildRules = (
			);
			dependencies = (
			);
			name = "PS4 Remote Sender";
			productName = "PS4 Remote Sender";
			productReference = 6CB919B52185A2F00024E88D /* PS4 Remote Sender.app */;
			productType = "com.apple.product-type.application";
		};
		6CE7564A2185F4910040DF8C /* PS4RemoteSenderHelper */ = {
			isa = PBXNativeTarget;
			buildConfigurationList = 6CE7564F2185F4910040DF8C /* Build configuration list for PBXNativeTarget "PS4RemoteSenderHelper" */;
			buildPhases = (
				6CE756472185F4910040DF8C /* Sources */,
				6CE756482185F4910040DF8C /* Frameworks */,
				6CE756492185F4910040DF8C /* CopyFiles */,
			);
			buildRules = (
			);
			dependencies = (
			);
			name = PS4RemoteSenderHelper;
			productName = PS4RemoteSenderHelper;
			productReference = 6CE7564B2185F4910040DF8C /* PS4RemoteSenderHelper */;
			productType = "com.apple.product-type.tool";
		};
/* End PBXNativeTarget section */

/* Begin PBXProject section */
		6CB919AD2185A2F00024E88D /* Project object */ = {
			isa = PBXProject;
			attributes = {
				LastSwiftUpdateCheck = 1000;
				LastUpgradeCheck = 1000;
				ORGANIZATIONNAME = ThatWeirdSoft;
				TargetAttributes = {
					6CB919B42185A2F00024E88D = {
						CreatedOnToolsVersion = 10.0;
						LastSwiftMigration = 1000;
					};
					6CE7564A2185F4910040DF8C = {
						CreatedOnToolsVersion = 10.0;
						LastSwiftMigration = 1000;
					};
				};
			};
			buildConfigurationList = 6CB919B02185A2F00024E88D /* Build configuration list for PBXProject "PS4 Remote Sender" */;
			compatibilityVersion = "Xcode 9.3";
			developmentRegion = en;
			hasScannedForEncodings = 0;
			knownRegions = (
				en,
				Base,
			);
			mainGroup = 6CB919AC2185A2F00024E88D;
			productRefGroup = 6CB919B62185A2F00024E88D /* Products */;
			projectDirPath = "";
			projectRoot = "";
			targets = (
				6CB919B42185A2F00024E88D /* PS4 Remote Sender */,
				6CE7564A2185F4910040DF8C /* PS4RemoteSenderHelper */,
			);
		};
/* End PBXProject section */

/* Begin PBXResourcesBuildPhase section */
		6CB919B32185A2F00024E88D /* Resources */ = {
			isa = PBXResourcesBuildPhase;
			buildActionMask = 2147483647;
			files = (
				6CF7D27421877822007607A2 /* README.md in Resources */,
				6C7AB00821A4CA8800E499A3 /* screen.png in Resources */,
				6CB919BD2185A2F40024E88D /* Assets.xcassets in Resources */,
				6CB919C02185A2F40024E88D /* Main.storyboard in Resources */,
			);
			runOnlyForDeploymentPostprocessing = 0;
		};
/* End PBXResourcesBuildPhase section */

/* Begin PBXSourcesBuildPhase section */
		6CB919B12185A2F00024E88D /* Sources */ = {
			isa = PBXSourcesBuildPhase;
			buildActionMask = 2147483647;
			files = (
				6CB919BB2185A2F00024E88D /* ViewController.swift in Sources */,
				6CE756632185F4E00040DF8C /* CodesignChecker.swift in Sources */,
				6CE756622185F4E00040DF8C /* RemoteProcessProtocol.swift in Sources */,
				6CE756602185F4E00040DF8C /* ProcessHelper.swift in Sources */,
				6CE756612185F4E00040DF8C /* PrivilegedTaskRunnerHelper.swift in Sources */,
				6CB919B92185A2F00024E88D /* AppDelegate.swift in Sources */,
				6CE756652185FC970040DF8C /* AppAuthorizationRights.swift in Sources */,
			);
			runOnlyForDeploymentPostprocessing = 0;
		};
		6CE756472185F4910040DF8C /* Sources */ = {
			isa = PBXSourcesBuildPhase;
			buildActionMask = 2147483647;
			files = (
				6CE7565A2185F4AE0040DF8C /* PrivilegedTaskRunnerHelper.swift in Sources */,
				6CE7565E2185F4AE0040DF8C /* main.swift in Sources */,
				6CE7565D2185F4AE0040DF8C /* ProcessHelper.swift in Sources */,
				6CE7565B2185F4AE0040DF8C /* CodesignChecker.swift in Sources */,
				6CE7565C2185F4AE0040DF8C /* RemoteProcessProtocol.swift in Sources */,
			);
			runOnlyForDeploymentPostprocessing = 0;
		};
/* End PBXSourcesBuildPhase section */

/* Begin PBXVariantGroup section */
		6CB919BE2185A2F40024E88D /* Main.storyboard */ = {
			isa = PBXVariantGroup;
			children = (
				6CB919BF2185A2F40024E88D /* Base */,
			);
			name = Main.storyboard;
			sourceTree = "<group>";
		};
/* End PBXVariantGroup section */

/* Begin XCBuildConfiguration section */
		6CB919D92185A2F40024E88D /* Debug */ = {
			isa = XCBuildConfiguration;
			buildSettings = {
				ALWAYS_SEARCH_USER_PATHS = NO;
				CLANG_ANALYZER_NONNULL = YES;
				CLANG_ANALYZER_NUMBER_OBJECT_CONVERSION = YES_AGGRESSIVE;
				CLANG_CXX_LANGUAGE_STANDARD = "gnu++14";
				CLANG_CXX_LIBRARY = "libc++";
				CLANG_ENABLE_MODULES = YES;
				CLANG_ENABLE_OBJC_ARC = YES;
				CLANG_ENABLE_OBJC_WEAK = YES;
				CLANG_WARN_BLOCK_CAPTURE_AUTORELEASING = YES;
				CLANG_WARN_BOOL_CONVERSION = YES;
				CLANG_WARN_COMMA = YES;
				CLANG_WARN_CONSTANT_CONVERSION = YES;
				CLANG_WARN_DEPRECATED_OBJC_IMPLEMENTATIONS = YES;
				CLANG_WARN_DIRECT_OBJC_ISA_USAGE = YES_ERROR;
				CLANG_WARN_DOCUMENTATION_COMMENTS = YES;
				CLANG_WARN_EMPTY_BODY = YES;
				CLANG_WARN_ENUM_CONVERSION = YES;
				CLANG_WARN_INFINITE_RECURSION = YES;
				CLANG_WARN_INT_CONVERSION = YES;
				CLANG_WARN_NON_LITERAL_NULL_CONVERSION = YES;
				CLANG_WARN_OBJC_IMPLICIT_RETAIN_SELF = YES;
				CLANG_WARN_OBJC_LITERAL_CONVERSION = YES;
				CLANG_WARN_OBJC_ROOT_CLASS = YES_ERROR;
				CLANG_WARN_RANGE_LOOP_ANALYSIS = YES;
				CLANG_WARN_STRICT_PROTOTYPES = YES;
				CLANG_WARN_SUSPICIOUS_MOVE = YES;
				CLANG_WARN_UNGUARDED_AVAILABILITY = YES_AGGRESSIVE;
				CLANG_WARN_UNREACHABLE_CODE = YES;
				CLANG_WARN__DUPLICATE_METHOD_MATCH = YES;
				CODE_SIGN_IDENTITY = "Mac Developer";
				COPY_PHASE_STRIP = NO;
				DEBUG_INFORMATION_FORMAT = dwarf;
				ENABLE_STRICT_OBJC_MSGSEND = YES;
				ENABLE_TESTABILITY = YES;
				GCC_C_LANGUAGE_STANDARD = gnu11;
				GCC_DYNAMIC_NO_PIC = NO;
				GCC_NO_COMMON_BLOCKS = YES;
				GCC_OPTIMIZATION_LEVEL = 0;
				GCC_PREPROCESSOR_DEFINITIONS = (
					"DEBUG=1",
					"$(inherited)",
				);
				GCC_WARN_64_TO_32_BIT_CONVERSION = YES;
				GCC_WARN_ABOUT_RETURN_TYPE = YES_ERROR;
				GCC_WARN_UNDECLARED_SELECTOR = YES;
				GCC_WARN_UNINITIALIZED_AUTOS = YES_AGGRESSIVE;
				GCC_WARN_UNUSED_FUNCTION = YES;
				GCC_WARN_UNUSED_VARIABLE = YES;
				MACOSX_DEPLOYMENT_TARGET = 10.13;
				MTL_ENABLE_DEBUG_INFO = INCLUDE_SOURCE;
				MTL_FAST_MATH = YES;
				ONLY_ACTIVE_ARCH = YES;
				SDKROOT = macosx;
				SWIFT_ACTIVE_COMPILATION_CONDITIONS = DEBUG;
				SWIFT_OPTIMIZATION_LEVEL = "-Onone";
			};
			name = Debug;
		};
		6CB919DA2185A2F40024E88D /* Release */ = {
			isa = XCBuildConfiguration;
			buildSettings = {
				ALWAYS_SEARCH_USER_PATHS = NO;
				CLANG_ANALYZER_NONNULL = YES;
				CLANG_ANALYZER_NUMBER_OBJECT_CONVERSION = YES_AGGRESSIVE;
				CLANG_CXX_LANGUAGE_STANDARD = "gnu++14";
				CLANG_CXX_LIBRARY = "libc++";
				CLANG_ENABLE_MODULES = YES;
				CLANG_ENABLE_OBJC_ARC = YES;
				CLANG_ENABLE_OBJC_WEAK = YES;
				CLANG_WARN_BLOCK_CAPTURE_AUTORELEASING = YES;
				CLANG_WARN_BOOL_CONVERSION = YES;
				CLANG_WARN_COMMA = YES;
				CLANG_WARN_CONSTANT_CONVERSION = YES;
				CLANG_WARN_DEPRECATED_OBJC_IMPLEMENTATIONS = YES;
				CLANG_WARN_DIRECT_OBJC_ISA_USAGE = YES_ERROR;
				CLANG_WARN_DOCUMENTATION_COMMENTS = YES;
				CLANG_WARN_EMPTY_BODY = YES;
				CLANG_WARN_ENUM_CONVERSION = YES;
				CLANG_WARN_INFINITE_RECURSION = YES;
				CLANG_WARN_INT_CONVERSION = YES;
				CLANG_WARN_NON_LITERAL_NULL_CONVERSION = YES;
				CLANG_WARN_OBJC_IMPLICIT_RETAIN_SELF = YES;
				CLANG_WARN_OBJC_LITERAL_CONVERSION = YES;
				CLANG_WARN_OBJC_ROOT_CLASS = YES_ERROR;
				CLANG_WARN_RANGE_LOOP_ANALYSIS = YES;
				CLANG_WARN_STRICT_PROTOTYPES = YES;
				CLANG_WARN_SUSPICIOUS_MOVE = YES;
				CLANG_WARN_UNGUARDED_AVAILABILITY = YES_AGGRESSIVE;
				CLANG_WARN_UNREACHABLE_CODE = YES;
				CLANG_WARN__DUPLICATE_METHOD_MATCH = YES;
				CODE_SIGN_IDENTITY = "Mac Developer";
				COPY_PHASE_STRIP = NO;
				DEBUG_INFORMATION_FORMAT = "dwarf-with-dsym";
				ENABLE_NS_ASSERTIONS = NO;
				ENABLE_STRICT_OBJC_MSGSEND = YES;
				GCC_C_LANGUAGE_STANDARD = gnu11;
				GCC_NO_COMMON_BLOCKS = YES;
				GCC_WARN_64_TO_32_BIT_CONVERSION = YES;
				GCC_WARN_ABOUT_RETURN_TYPE = YES_ERROR;
				GCC_WARN_UNDECLARED_SELECTOR = YES;
				GCC_WARN_UNINITIALIZED_AUTOS = YES_AGGRESSIVE;
				GCC_WARN_UNUSED_FUNCTION = YES;
				GCC_WARN_UNUSED_VARIABLE = YES;
				MACOSX_DEPLOYMENT_TARGET = 10.13;
				MTL_ENABLE_DEBUG_INFO = NO;
				MTL_FAST_MATH = YES;
				SDKROOT = macosx;
				SWIFT_COMPILATION_MODE = wholemodule;
				SWIFT_OPTIMIZATION_LEVEL = "-O";
			};
			name = Release;
		};
		6CB919DC2185A2F40024E88D /* Debug */ = {
			isa = XCBuildConfiguration;
			buildSettings = {
				ASSETCATALOG_COMPILER_APPICON_NAME = AppIcon;
				CLANG_ENABLE_MODULES = YES;
				CODE_SIGN_ENTITLEMENTS = "PS4 Remote Sender/PS4_Remote_Sender.entitlements";
				CODE_SIGN_STYLE = Automatic;
				COMBINE_HIDPI_IMAGES = YES;
				DEVELOPMENT_TEAM = 5553N9MR8A;
				HEADER_SEARCH_PATHS = "";
				INFOPLIST_FILE = "PS4 Remote Sender/Info.plist";
				LD_RUNPATH_SEARCH_PATHS = (
					"$(inherited)",
					"@executable_path/../Frameworks",
				);
				LIBRARY_SEARCH_PATHS = (
					"$(inherited)",
					"$(PROJECT_DIR)/PS4\\ Remote\\ Sender",
					"$(PROJECT_DIR)/PS4\\ Remote\\ Sender",
				);
				MACOSX_DEPLOYMENT_TARGET = 10.11;
				OTHER_LDFLAGS = "";
				PRODUCT_BUNDLE_IDENTIFIER = "ThatWeirdSoft.PS4-Remote-Sender";
				PRODUCT_NAME = "$(TARGET_NAME)";
				SWIFT_OBJC_BRIDGING_HEADER = "PS4 Remote Sender/PS4 Remote Sender-Bridging-Header.h";
				SWIFT_OPTIMIZATION_LEVEL = "-Onone";
				SWIFT_VERSION = 4.2;
				USER_HEADER_SEARCH_PATHS = "";
			};
			name = Debug;
		};
		6CB919DD2185A2F40024E88D /* Release */ = {
			isa = XCBuildConfiguration;
			buildSettings = {
				ASSETCATALOG_COMPILER_APPICON_NAME = AppIcon;
				CLANG_ENABLE_MODULES = YES;
				CODE_SIGN_ENTITLEMENTS = "PS4 Remote Sender/PS4_Remote_Sender.entitlements";
				CODE_SIGN_STYLE = Automatic;
				COMBINE_HIDPI_IMAGES = YES;
				DEVELOPMENT_TEAM = 5553N9MR8A;
				HEADER_SEARCH_PATHS = "";
				INFOPLIST_FILE = "PS4 Remote Sender/Info.plist";
				LD_RUNPATH_SEARCH_PATHS = (
					"$(inherited)",
					"@executable_path/../Frameworks",
				);
				LIBRARY_SEARCH_PATHS = (
					"$(inherited)",
					"$(PROJECT_DIR)/PS4\\ Remote\\ Sender",
					"$(PROJECT_DIR)/PS4\\ Remote\\ Sender",
				);
				MACOSX_DEPLOYMENT_TARGET = 10.11;
				OTHER_LDFLAGS = "";
				PRODUCT_BUNDLE_IDENTIFIER = "ThatWeirdSoft.PS4-Remote-Sender";
				PRODUCT_NAME = "$(TARGET_NAME)";
				SWIFT_OBJC_BRIDGING_HEADER = "PS4 Remote Sender/PS4 Remote Sender-Bridging-Header.h";
				SWIFT_VERSION = 4.2;
				USER_HEADER_SEARCH_PATHS = "";
			};
			name = Release;
		};
		6CE756502185F4910040DF8C /* Debug */ = {
			isa = XCBuildConfiguration;
			buildSettings = {
				CLANG_ENABLE_MODULES = YES;
				CODE_SIGN_STYLE = Automatic;
				DEVELOPMENT_TEAM = 5553N9MR8A;
				LD_RUNPATH_SEARCH_PATHS = (
					"$(inherited)",
					"@executable_path/../Frameworks",
					"@loader_path/../Frameworks",
				);
				OTHER_LDFLAGS = (
					"-sectcreate",
					__TEXT,
					__info_plist,
					"\"$(SRCROOT)/PS4RemoteSenderHelper/PrivilegedTaskRunnerHelper-Info.plist\"",
					"-sectcreate",
					__TEXT,
					__launchd_plist,
					"\"$(SRCROOT)/PS4RemoteSenderHelper/PrivilegedTaskRunnerHelper-Launchd.plist\"",
				);
				PRODUCT_NAME = "$(TARGET_NAME)";
				SWIFT_OBJC_BRIDGING_HEADER = "PS4RemoteSenderHelper/PS4RemoteSenderHelper-Bridging-Header.h";
				SWIFT_OPTIMIZATION_LEVEL = "-Onone";
				SWIFT_VERSION = 4.2;
			};
			name = Debug;
		};
		6CE756512185F4910040DF8C /* Release */ = {
			isa = XCBuildConfiguration;
			buildSettings = {
				CLANG_ENABLE_MODULES = YES;
				CODE_SIGN_STYLE = Automatic;
				DEVELOPMENT_TEAM = 5553N9MR8A;
				LD_RUNPATH_SEARCH_PATHS = (
					"$(inherited)",
					"@executable_path/../Frameworks",
					"@loader_path/../Frameworks",
				);
				OTHER_LDFLAGS = (
					"-sectcreate",
					__TEXT,
					__info_plist,
					"\"$(SRCROOT)/PS4RemoteSenderHelper/PrivilegedTaskRunnerHelper-Info.plist\"",
					"-sectcreate",
					__TEXT,
					__launchd_plist,
					"\"$(SRCROOT)/PS4RemoteSenderHelper/PrivilegedTaskRunnerHelper-Launchd.plist\"",
				);
				PRODUCT_NAME = "$(TARGET_NAME)";
				SWIFT_OBJC_BRIDGING_HEADER = "PS4RemoteSenderHelper/PS4RemoteSenderHelper-Bridging-Header.h";
				SWIFT_VERSION = 4.2;
			};
			name = Release;
		};
/* End XCBuildConfiguration section */

/* Begin XCConfigurationList section */
		6CB919B02185A2F00024E88D /* Build configuration list for PBXProject "PS4 Remote Sender" */ = {
			isa = XCConfigurationList;
			buildConfigurations = (
				6CB919D92185A2F40024E88D /* Debug */,
				6CB919DA2185A2F40024E88D /* Release */,
			);
			defaultConfigurationIsVisible = 0;
			defaultConfigurationName = Release;
		};
		6CB919DB2185A2F40024E88D /* Build configuration list for PBXNativeTarget "PS4 Remote Sender" */ = {
			isa = XCConfigurationList;
			buildConfigurations = (
				6CB919DC2185A2F40024E88D /* Debug */,
				6CB919DD2185A2F40024E88D /* Release */,
			);
			defaultConfigurationIsVisible = 0;
			defaultConfigurationName = Release;
		};
		6CE7564F2185F4910040DF8C /* Build configuration list for PBXNativeTarget "PS4RemoteSenderHelper" */ = {
			isa = XCConfigurationList;
			buildConfigurations = (
				6CE756502185F4910040DF8C /* Debug */,
				6CE756512185F4910040DF8C /* Release */,
			);
			defaultConfigurationIsVisible = 0;
			defaultConfigurationName = Release;
		};
/* End XCConfigurationList section */
	};
	rootObject = 6CB919AD2185A2F00024E88D /* Project object */;
}
